[[schemas]]
subject = "customer"
version = 2
sha512 = "d75800df0d4744c6b0f4d9a9952d3bfd0bb6b24a8babd19104cc11b54a525f85551b3c7375d69aeabbcf629cd826aa0bc6b0c0467add20716c504f5e856ce1c5"

[[schemas]]
subject = "nfts"
version = 10
sha512 = "67fadd3a6185229df033804be2e598b13ac6cbb0464e4e2c4e91caa85d116527170aafb92137741cf4d661b2e88c036fb42d0f761d73d9f82527e2781095f173"

[[schemas]]
subject = "organization"
version = 5
sha512 = "9fb28ac73d9712292297394a5fa53a7dae9deba6847353582987ba749859301c23c05fd49d2ce84a1640f8864c5c04d59fa38907700b280000e5c4afc96654bf"

[[schemas]]
subject = "solana_nfts"
version = 2
sha512 = "a42cfd38aee98c6fbe445f889430be9fe5a2d84319858063f8f4f9e3d83015f869784246c1b6d5143247c93448560ebad1e225a2769d4743ad6e99bba53ae191"

[[schemas]]
subject = "treasury"
version = 12
sha512 = "4c3cac2b718ff3f6cfdf04b26091acf5f7a5a3bfebd8d8c89d33ef0015ae67c36277bf403a79e0dbcdd0ae0ecda1713003767a69ed5b4267810d8ccf9b333b8f"
