[[schemas]]
subject = "customer"
version = 1
sha512 = "e91f3aa8f20639973deb1ca131c2342b53c802807a52ea40f4f54c3ab7c79158f969cd42a3f3925760941f113270a4549d8d7378e578f9fe5ef6abb09e05848a"

[[schemas]]
subject = "drops"
version = 3
sha512 = "b1f2d842f125f17e0f34fc9bc8bdc01a495d41ebf3300e0a1c46379721b898b03cb84eb791deb42fe6c4a1f227bfd8861bedd5cff8026c7eaefcf11008ec5fe2"

[[schemas]]
subject = "nfts"
version = 1
sha512 = "017877ed37e51d0dd734498db27d11c1c7f22b924c3552263fe9fa432504bc5927ed5e6ca712b117b7976a113879487601db429c90824fe924c35734e31ffef8"

[[schemas]]
subject = "organization"
version = 1
sha512 = "5c17e628a20016c8427fd1d3b79cda44ed384cb2d23e86c04c171628b19cf17b93cfe46baeb1203953786fb498c287c0121671e5f03e6fc175e7c7ef915f4744"

[[schemas]]
subject = "treasury"
version = 4
sha512 = "6913b0eb231406da9fcaf052a0d0f031a0908362fa0639d6aa25fc87974668a7fede8bab3509d98bab6295994c08a80b62e131d2d0759e7e88cd36228ab6e0be"
